
Microsoft Visual Studio Solution File, Format Version 12.00
Project("{FAE04EC0-301F-11D3-BF4B-00C04F79EFBC}") = "IdentityTemplate.Api", "src\IdentityTemplate.Api\IdentityTemplate.Api.csproj", "{2FA4B66B-6E59-487C-9D27-23113B7F9748}"
EndProject
Global
	GlobalSection(SolutionConfigurationPlatforms) = preSolution
		Debug|Any CPU = Debug|Any CPU
		Release|Any CPU = Release|Any CPU
	EndGlobalSection
	GlobalSection(ProjectConfigurationPlatforms) = postSolution
		{2FA4B66B-6E59-487C-9D27-23113B7F9748}.Debug|Any CPU.ActiveCfg = Debug|Any CPU
		{2FA4B66B-6E59-487C-9D27-23113B7F9748}.Debug|Any CPU.Build.0 = Debug|Any CPU
		{2FA4B66B-6E59-487C-9D27-23113B7F9748}.Release|Any CPU.ActiveCfg = Release|Any CPU
		{2FA4B66B-6E59-487C-9D27-23113B7F9748}.Release|Any CPU.Build.0 = Release|Any CPU
	EndGlobalSection
EndGlobal
